
Microsoft Visual Studio Solution File, Format Version 12.00
# Visual Studio 14
VisualStudioVersion = 14.0.24720.0
MinimumVisualStudioVersion = 10.0.40219.1
Project("{FAE04EC0-301F-11D3-BF4B-00C04F79EFBC}") = "Web", "Web\Web.csproj", "{4A6DC9B9-97CF-4D47-9A2D-5A0906D93F94}"
EndProject
Project("{FAE04EC0-301F-11D3-BF4B-00C04F79EFBC}") = "Loader", "Loader\Loader.csproj", "{A46B8955-6AB3-463E-8B9B-5722853E1BAC}"
EndProject
Project("{FAE04EC0-301F-11D3-BF4B-00C04F79EFBC}") = "Modules", "Modules\Modules.csproj", "{40D9FD64-1882-4F93-8BE3-E7BDD62147F1}"
EndProject
Project("{FAE04EC0-301F-11D3-BF4B-00C04F79EFBC}") = "Charts_Adaptor", "DyGraphs_Adaptor\Charts_Adaptor.csproj", "{008BA543-F4AE-43DD-B865-7C61C8055B0D}"
EndProject
Project("{2150E333-8FDC-42A3-9474-1A3956D46DE8}") = "Solution Items", "Solution Items", "{FCDF4174-533C-4213-8394-7D878ACFFC5D}"
	ProjectSection(SolutionItems) = preProject
		WE-Palette.css = WE-Palette.css
		WebEssentials2015-Settings.json = WebEssentials2015-Settings.json
	EndProjectSection
EndProject
Global
	GlobalSection(SolutionConfigurationPlatforms) = preSolution
		Debug|Any CPU = Debug|Any CPU
		Release|Any CPU = Release|Any CPU
	EndGlobalSection
	GlobalSection(ProjectConfigurationPlatforms) = postSolution
		{4A6DC9B9-97CF-4D47-9A2D-5A0906D93F94}.Debug|Any CPU.ActiveCfg = Debug|Any CPU
		{4A6DC9B9-97CF-4D47-9A2D-5A0906D93F94}.Debug|Any CPU.Build.0 = Debug|Any CPU
		{4A6DC9B9-97CF-4D47-9A2D-5A0906D93F94}.Release|Any CPU.ActiveCfg = Release|Any CPU
		{4A6DC9B9-97CF-4D47-9A2D-5A0906D93F94}.Release|Any CPU.Build.0 = Release|Any CPU
		{A46B8955-6AB3-463E-8B9B-5722853E1BAC}.Debug|Any CPU.ActiveCfg = Debug|Any CPU
		{A46B8955-6AB3-463E-8B9B-5722853E1BAC}.Debug|Any CPU.Build.0 = Debug|Any CPU
		{A46B8955-6AB3-463E-8B9B-5722853E1BAC}.Release|Any CPU.ActiveCfg = Release|Any CPU
		{A46B8955-6AB3-463E-8B9B-5722853E1BAC}.Release|Any CPU.Build.0 = Release|Any CPU
		{40D9FD64-1882-4F93-8BE3-E7BDD62147F1}.Debug|Any CPU.ActiveCfg = Debug|Any CPU
		{40D9FD64-1882-4F93-8BE3-E7BDD62147F1}.Debug|Any CPU.Build.0 = Debug|Any CPU
		{40D9FD64-1882-4F93-8BE3-E7BDD62147F1}.Release|Any CPU.ActiveCfg = Release|Any CPU
		{40D9FD64-1882-4F93-8BE3-E7BDD62147F1}.Release|Any CPU.Build.0 = Release|Any CPU
		{008BA543-F4AE-43DD-B865-7C61C8055B0D}.Debug|Any CPU.ActiveCfg = Debug|Any CPU
		{008BA543-F4AE-43DD-B865-7C61C8055B0D}.Debug|Any CPU.Build.0 = Debug|Any CPU
		{008BA543-F4AE-43DD-B865-7C61C8055B0D}.Release|Any CPU.ActiveCfg = Release|Any CPU
		{008BA543-F4AE-43DD-B865-7C61C8055B0D}.Release|Any CPU.Build.0 = Release|Any CPU
	EndGlobalSection
	GlobalSection(SolutionProperties) = preSolution
		HideSolutionNode = FALSE
	EndGlobalSection
EndGlobal
